{
  "name": "proofpress",
  "version": "0.6.0-alpha.1",
  "lockfileVersion": 3,
  "requires": true,
  "packages": {
    "": {
      "name": "proofpress",
      "version": "0.6.0-alpha.1",
      "license": "Apache-2.0",
      "bin": {
        "proofpress": "bin/proofpress.js"
      },
      "engines": {
        "node": ">=22"
      }
    }
  }
}
